
Microsoft Visual Studio Solution File, Format Version 12.00
# Visual Studio Version 17
VisualStudioVersion = 17.0.31903.59
MinimumVisualStudioVersion = 10.0.40219.1
Project("{2150E333-8FDC-42A3-9474-1A3956D46DE8}") = "shared", "shared", "{5C1EA119-B808-4629-B14C-91B61C1E6E8B}"
EndProject
Project("{FAE04EC0-301F-11D3-BF4B-00C04F79EFBC}") = "FluentResponse", "shared\FluentResponse\FluentResponse.csproj", "{E5955018-D38E-489A-B55E-10481C2DD225}"
EndProject
Project("{2150E333-8FDC-42A3-9474-1A3956D46DE8}") = "src", "src", "{527907CC-A990-422E-A44B-9BFA24321AB8}"
EndProject
Project("{FAE04EC0-301F-11D3-BF4B-00C04F79EFBC}") = "CesiZen.Domain", "src\Domain\CesiZen.Domain.csproj", "{0AD78F6E-B2D5-40F9-98F8-A8CE84DCC1EA}"
EndProject
Project("{2150E333-8FDC-42A3-9474-1A3956D46DE8}") = "tests", "tests", "{CE43E98C-F191-467A-B703-B12AEE47E4C8}"
EndProject
Project("{FAE04EC0-301F-11D3-BF4B-00C04F79EFBC}") = "CesiZen.Domain.Tests", "tests\Domain\CesiZen.Domain.Tests.csproj", "{C2A407F5-09C6-43B2-8C91-DA5361C07FB0}"
EndProject
Project("{FAE04EC0-301F-11D3-BF4B-00C04F79EFBC}") = "CesiZen.Infrastructure", "src\Infrastructure\CesiZen.Infrastructure.csproj", "{F4E045D8-1118-4CDC-9870-96A37CB56094}"
EndProject
Global
	GlobalSection(SolutionConfigurationPlatforms) = preSolution
		Debug|Any CPU = Debug|Any CPU
		Release|Any CPU = Release|Any CPU
	EndGlobalSection
	GlobalSection(ProjectConfigurationPlatforms) = postSolution
		{E5955018-D38E-489A-B55E-10481C2DD225}.Debug|Any CPU.ActiveCfg = Debug|Any CPU
		{E5955018-D38E-489A-B55E-10481C2DD225}.Debug|Any CPU.Build.0 = Debug|Any CPU
		{E5955018-D38E-489A-B55E-10481C2DD225}.Release|Any CPU.ActiveCfg = Release|Any CPU
		{E5955018-D38E-489A-B55E-10481C2DD225}.Release|Any CPU.Build.0 = Release|Any CPU
		{0AD78F6E-B2D5-40F9-98F8-A8CE84DCC1EA}.Debug|Any CPU.ActiveCfg = Debug|Any CPU
		{0AD78F6E-B2D5-40F9-98F8-A8CE84DCC1EA}.Debug|Any CPU.Build.0 = Debug|Any CPU
		{0AD78F6E-B2D5-40F9-98F8-A8CE84DCC1EA}.Release|Any CPU.ActiveCfg = Release|Any CPU
		{0AD78F6E-B2D5-40F9-98F8-A8CE84DCC1EA}.Release|Any CPU.Build.0 = Release|Any CPU
		{C2A407F5-09C6-43B2-8C91-DA5361C07FB0}.Debug|Any CPU.ActiveCfg = Debug|Any CPU
		{C2A407F5-09C6-43B2-8C91-DA5361C07FB0}.Debug|Any CPU.Build.0 = Debug|Any CPU
		{C2A407F5-09C6-43B2-8C91-DA5361C07FB0}.Release|Any CPU.ActiveCfg = Release|Any CPU
		{C2A407F5-09C6-43B2-8C91-DA5361C07FB0}.Release|Any CPU.Build.0 = Release|Any CPU
		{F4E045D8-1118-4CDC-9870-96A37CB56094}.Debug|Any CPU.ActiveCfg = Debug|Any CPU
		{F4E045D8-1118-4CDC-9870-96A37CB56094}.Debug|Any CPU.Build.0 = Debug|Any CPU
		{F4E045D8-1118-4CDC-9870-96A37CB56094}.Release|Any CPU.ActiveCfg = Release|Any CPU
		{F4E045D8-1118-4CDC-9870-96A37CB56094}.Release|Any CPU.Build.0 = Release|Any CPU
	EndGlobalSection
	GlobalSection(SolutionProperties) = preSolution
		HideSolutionNode = FALSE
	EndGlobalSection
	GlobalSection(NestedProjects) = preSolution
		{E5955018-D38E-489A-B55E-10481C2DD225} = {5C1EA119-B808-4629-B14C-91B61C1E6E8B}
		{0AD78F6E-B2D5-40F9-98F8-A8CE84DCC1EA} = {527907CC-A990-422E-A44B-9BFA24321AB8}
		{C2A407F5-09C6-43B2-8C91-DA5361C07FB0} = {CE43E98C-F191-467A-B703-B12AEE47E4C8}
		{F4E045D8-1118-4CDC-9870-96A37CB56094} = {527907CC-A990-422E-A44B-9BFA24321AB8}
	EndGlobalSection
EndGlobal
