
Microsoft Visual Studio Solution File, Format Version 12.00
# Visual Studio Version 17
VisualStudioVersion = 17.0.31903.59
MinimumVisualStudioVersion = 10.0.40219.1
Project("{2150E333-8FDC-42A3-9474-1A3956D46DE8}") = "shared", "shared", "{5C1EA119-B808-4629-B14C-91B61C1E6E8B}"
EndProject
Project("{FAE04EC0-301F-11D3-BF4B-00C04F79EFBC}") = "FluentResponse", "shared\FluentResponse\FluentResponse.csproj", "{E5955018-D38E-489A-B55E-10481C2DD225}"
EndProject
Project("{2150E333-8FDC-42A3-9474-1A3956D46DE8}") = "src", "src", "{527907CC-A990-422E-A44B-9BFA24321AB8}"
EndProject
Project("{FAE04EC0-301F-11D3-BF4B-00C04F79EFBC}") = "CesiZen.Domain", "src\Domain\CesiZen.Domain.csproj", "{0AD78F6E-B2D5-40F9-98F8-A8CE84DCC1EA}"
EndProject
Project("{2150E333-8FDC-42A3-9474-1A3956D46DE8}") = "tests", "tests", "{CE43E98C-F191-467A-B703-B12AEE47E4C8}"
EndProject
Project("{FAE04EC0-301F-11D3-BF4B-00C04F79EFBC}") = "CesiZen.Infrastructure", "src\Infrastructure\CesiZen.Infrastructure.csproj", "{F4E045D8-1118-4CDC-9870-96A37CB56094}"
EndProject
Project("{FAE04EC0-301F-11D3-BF4B-00C04F79EFBC}") = "CesiZen.Application", "src\Application\CesiZen.Application.csproj", "{D31B0DB0-3AC1-4731-B450-8ACFA7CDB052}"
EndProject
Project("{2150E333-8FDC-42A3-9474-1A3956D46DE8}") = "Presentation", "Presentation", "{056080BF-2413-3D18-0C75-8729ECEEDA02}"
EndProject
Project("{2150E333-8FDC-42A3-9474-1A3956D46DE8}") = "BackOffice", "BackOffice", "{9062823D-1F00-3DE7-4B19-FD60A8599462}"
EndProject
Project("{FAE04EC0-301F-11D3-BF4B-00C04F79EFBC}") = "CesiZen.Presentation.BackOffice", "src\Presentation\BackOffice\CesiZen.Presentation.BackOffice.csproj", "{22158076-D89C-47C9-BDCC-4303B1E0E947}"
EndProject
Project("{2150E333-8FDC-42A3-9474-1A3956D46DE8}") = "Application", "Application", "{68E813E1-744B-9D89-D544-66437A6B0571}"
EndProject
Project("{FAE04EC0-301F-11D3-BF4B-00C04F79EFBC}") = "CesiZen.Application.Tests", "tests\Application\CesiZen.Application.Tests.csproj", "{98FFAFEE-FF0C-46E6-A0C5-09BECD0E10CE}"
EndProject
Project("{2150E333-8FDC-42A3-9474-1A3956D46DE8}") = "Domain", "Domain", "{85FE718F-3097-C2AC-73A5-AB7996ECC927}"
EndProject
Project("{FAE04EC0-301F-11D3-BF4B-00C04F79EFBC}") = "CesiZen.Domain.Tests", "tests\Domain\CesiZen.Domain.Tests.csproj", "{C22B325D-9EBE-4F3E-BBF2-130D243612C8}"
EndProject
Project("{2150E333-8FDC-42A3-9474-1A3956D46DE8}") = "FrontOffice.Api", "FrontOffice.Api", "{F9EDAEB3-0960-E28D-8C6F-316A0BA36D4A}"
EndProject
Project("{FAE04EC0-301F-11D3-BF4B-00C04F79EFBC}") = "CesiZen.Presentation.FrontOffice.Api", "src\Presentation\FrontOffice.Api\CesiZen.Presentation.FrontOffice.Api.csproj", "{901803FB-107B-4F4D-AE41-39C102B465D9}"
EndProject
Global
	GlobalSection(SolutionConfigurationPlatforms) = preSolution
		Debug|Any CPU = Debug|Any CPU
		Debug|x64 = Debug|x64
		Debug|x86 = Debug|x86
		Release|Any CPU = Release|Any CPU
		Release|x64 = Release|x64
		Release|x86 = Release|x86
	EndGlobalSection
	GlobalSection(ProjectConfigurationPlatforms) = postSolution
		{E5955018-D38E-489A-B55E-10481C2DD225}.Debug|Any CPU.ActiveCfg = Debug|Any CPU
		{E5955018-D38E-489A-B55E-10481C2DD225}.Debug|Any CPU.Build.0 = Debug|Any CPU
		{E5955018-D38E-489A-B55E-10481C2DD225}.Debug|x64.ActiveCfg = Debug|Any CPU
		{E5955018-D38E-489A-B55E-10481C2DD225}.Debug|x64.Build.0 = Debug|Any CPU
		{E5955018-D38E-489A-B55E-10481C2DD225}.Debug|x86.ActiveCfg = Debug|Any CPU
		{E5955018-D38E-489A-B55E-10481C2DD225}.Debug|x86.Build.0 = Debug|Any CPU
		{E5955018-D38E-489A-B55E-10481C2DD225}.Release|Any CPU.ActiveCfg = Release|Any CPU
		{E5955018-D38E-489A-B55E-10481C2DD225}.Release|Any CPU.Build.0 = Release|Any CPU
		{E5955018-D38E-489A-B55E-10481C2DD225}.Release|x64.ActiveCfg = Release|Any CPU
		{E5955018-D38E-489A-B55E-10481C2DD225}.Release|x64.Build.0 = Release|Any CPU
		{E5955018-D38E-489A-B55E-10481C2DD225}.Release|x86.ActiveCfg = Release|Any CPU
		{E5955018-D38E-489A-B55E-10481C2DD225}.Release|x86.Build.0 = Release|Any CPU
		{0AD78F6E-B2D5-40F9-98F8-A8CE84DCC1EA}.Debug|Any CPU.ActiveCfg = Debug|Any CPU
		{0AD78F6E-B2D5-40F9-98F8-A8CE84DCC1EA}.Debug|Any CPU.Build.0 = Debug|Any CPU
		{0AD78F6E-B2D5-40F9-98F8-A8CE84DCC1EA}.Debug|x64.ActiveCfg = Debug|Any CPU
		{0AD78F6E-B2D5-40F9-98F8-A8CE84DCC1EA}.Debug|x64.Build.0 = Debug|Any CPU
		{0AD78F6E-B2D5-40F9-98F8-A8CE84DCC1EA}.Debug|x86.ActiveCfg = Debug|Any CPU
		{0AD78F6E-B2D5-40F9-98F8-A8CE84DCC1EA}.Debug|x86.Build.0 = Debug|Any CPU
		{0AD78F6E-B2D5-40F9-98F8-A8CE84DCC1EA}.Release|Any CPU.ActiveCfg = Release|Any CPU
		{0AD78F6E-B2D5-40F9-98F8-A8CE84DCC1EA}.Release|Any CPU.Build.0 = Release|Any CPU
		{0AD78F6E-B2D5-40F9-98F8-A8CE84DCC1EA}.Release|x64.ActiveCfg = Release|Any CPU
		{0AD78F6E-B2D5-40F9-98F8-A8CE84DCC1EA}.Release|x64.Build.0 = Release|Any CPU
		{0AD78F6E-B2D5-40F9-98F8-A8CE84DCC1EA}.Release|x86.ActiveCfg = Release|Any CPU
		{0AD78F6E-B2D5-40F9-98F8-A8CE84DCC1EA}.Release|x86.Build.0 = Release|Any CPU
		{F4E045D8-1118-4CDC-9870-96A37CB56094}.Debug|Any CPU.ActiveCfg = Debug|Any CPU
		{F4E045D8-1118-4CDC-9870-96A37CB56094}.Debug|Any CPU.Build.0 = Debug|Any CPU
		{F4E045D8-1118-4CDC-9870-96A37CB56094}.Debug|x64.ActiveCfg = Debug|Any CPU
		{F4E045D8-1118-4CDC-9870-96A37CB56094}.Debug|x64.Build.0 = Debug|Any CPU
		{F4E045D8-1118-4CDC-9870-96A37CB56094}.Debug|x86.ActiveCfg = Debug|Any CPU
		{F4E045D8-1118-4CDC-9870-96A37CB56094}.Debug|x86.Build.0 = Debug|Any CPU
		{F4E045D8-1118-4CDC-9870-96A37CB56094}.Release|Any CPU.ActiveCfg = Release|Any CPU
		{F4E045D8-1118-4CDC-9870-96A37CB56094}.Release|Any CPU.Build.0 = Release|Any CPU
		{F4E045D8-1118-4CDC-9870-96A37CB56094}.Release|x64.ActiveCfg = Release|Any CPU
		{F4E045D8-1118-4CDC-9870-96A37CB56094}.Release|x64.Build.0 = Release|Any CPU
		{F4E045D8-1118-4CDC-9870-96A37CB56094}.Release|x86.ActiveCfg = Release|Any CPU
		{F4E045D8-1118-4CDC-9870-96A37CB56094}.Release|x86.Build.0 = Release|Any CPU
		{D31B0DB0-3AC1-4731-B450-8ACFA7CDB052}.Debug|Any CPU.ActiveCfg = Debug|Any CPU
		{D31B0DB0-3AC1-4731-B450-8ACFA7CDB052}.Debug|Any CPU.Build.0 = Debug|Any CPU
		{D31B0DB0-3AC1-4731-B450-8ACFA7CDB052}.Debug|x64.ActiveCfg = Debug|Any CPU
		{D31B0DB0-3AC1-4731-B450-8ACFA7CDB052}.Debug|x64.Build.0 = Debug|Any CPU
		{D31B0DB0-3AC1-4731-B450-8ACFA7CDB052}.Debug|x86.ActiveCfg = Debug|Any CPU
		{D31B0DB0-3AC1-4731-B450-8ACFA7CDB052}.Debug|x86.Build.0 = Debug|Any CPU
		{D31B0DB0-3AC1-4731-B450-8ACFA7CDB052}.Release|Any CPU.ActiveCfg = Release|Any CPU
		{D31B0DB0-3AC1-4731-B450-8ACFA7CDB052}.Release|Any CPU.Build.0 = Release|Any CPU
		{D31B0DB0-3AC1-4731-B450-8ACFA7CDB052}.Release|x64.ActiveCfg = Release|Any CPU
		{D31B0DB0-3AC1-4731-B450-8ACFA7CDB052}.Release|x64.Build.0 = Release|Any CPU
		{D31B0DB0-3AC1-4731-B450-8ACFA7CDB052}.Release|x86.ActiveCfg = Release|Any CPU
		{D31B0DB0-3AC1-4731-B450-8ACFA7CDB052}.Release|x86.Build.0 = Release|Any CPU
		{22158076-D89C-47C9-BDCC-4303B1E0E947}.Debug|Any CPU.ActiveCfg = Debug|Any CPU
		{22158076-D89C-47C9-BDCC-4303B1E0E947}.Debug|Any CPU.Build.0 = Debug|Any CPU
		{22158076-D89C-47C9-BDCC-4303B1E0E947}.Debug|x64.ActiveCfg = Debug|Any CPU
		{22158076-D89C-47C9-BDCC-4303B1E0E947}.Debug|x64.Build.0 = Debug|Any CPU
		{22158076-D89C-47C9-BDCC-4303B1E0E947}.Debug|x86.ActiveCfg = Debug|Any CPU
		{22158076-D89C-47C9-BDCC-4303B1E0E947}.Debug|x86.Build.0 = Debug|Any CPU
		{22158076-D89C-47C9-BDCC-4303B1E0E947}.Release|Any CPU.ActiveCfg = Release|Any CPU
		{22158076-D89C-47C9-BDCC-4303B1E0E947}.Release|Any CPU.Build.0 = Release|Any CPU
		{22158076-D89C-47C9-BDCC-4303B1E0E947}.Release|x64.ActiveCfg = Release|Any CPU
		{22158076-D89C-47C9-BDCC-4303B1E0E947}.Release|x64.Build.0 = Release|Any CPU
		{22158076-D89C-47C9-BDCC-4303B1E0E947}.Release|x86.ActiveCfg = Release|Any CPU
		{22158076-D89C-47C9-BDCC-4303B1E0E947}.Release|x86.Build.0 = Release|Any CPU
		{98FFAFEE-FF0C-46E6-A0C5-09BECD0E10CE}.Debug|Any CPU.ActiveCfg = Debug|Any CPU
		{98FFAFEE-FF0C-46E6-A0C5-09BECD0E10CE}.Debug|Any CPU.Build.0 = Debug|Any CPU
		{98FFAFEE-FF0C-46E6-A0C5-09BECD0E10CE}.Debug|x64.ActiveCfg = Debug|Any CPU
		{98FFAFEE-FF0C-46E6-A0C5-09BECD0E10CE}.Debug|x64.Build.0 = Debug|Any CPU
		{98FFAFEE-FF0C-46E6-A0C5-09BECD0E10CE}.Debug|x86.ActiveCfg = Debug|Any CPU
		{98FFAFEE-FF0C-46E6-A0C5-09BECD0E10CE}.Debug|x86.Build.0 = Debug|Any CPU
		{98FFAFEE-FF0C-46E6-A0C5-09BECD0E10CE}.Release|Any CPU.ActiveCfg = Release|Any CPU
		{98FFAFEE-FF0C-46E6-A0C5-09BECD0E10CE}.Release|Any CPU.Build.0 = Release|Any CPU
		{98FFAFEE-FF0C-46E6-A0C5-09BECD0E10CE}.Release|x64.ActiveCfg = Release|Any CPU
		{98FFAFEE-FF0C-46E6-A0C5-09BECD0E10CE}.Release|x64.Build.0 = Release|Any CPU
		{98FFAFEE-FF0C-46E6-A0C5-09BECD0E10CE}.Release|x86.ActiveCfg = Release|Any CPU
		{98FFAFEE-FF0C-46E6-A0C5-09BECD0E10CE}.Release|x86.Build.0 = Release|Any CPU
		{C22B325D-9EBE-4F3E-BBF2-130D243612C8}.Debug|Any CPU.ActiveCfg = Debug|Any CPU
		{C22B325D-9EBE-4F3E-BBF2-130D243612C8}.Debug|Any CPU.Build.0 = Debug|Any CPU
		{C22B325D-9EBE-4F3E-BBF2-130D243612C8}.Debug|x64.ActiveCfg = Debug|Any CPU
		{C22B325D-9EBE-4F3E-BBF2-130D243612C8}.Debug|x64.Build.0 = Debug|Any CPU
		{C22B325D-9EBE-4F3E-BBF2-130D243612C8}.Debug|x86.ActiveCfg = Debug|Any CPU
		{C22B325D-9EBE-4F3E-BBF2-130D243612C8}.Debug|x86.Build.0 = Debug|Any CPU
		{C22B325D-9EBE-4F3E-BBF2-130D243612C8}.Release|Any CPU.ActiveCfg = Release|Any CPU
		{C22B325D-9EBE-4F3E-BBF2-130D243612C8}.Release|Any CPU.Build.0 = Release|Any CPU
		{C22B325D-9EBE-4F3E-BBF2-130D243612C8}.Release|x64.ActiveCfg = Release|Any CPU
		{C22B325D-9EBE-4F3E-BBF2-130D243612C8}.Release|x64.Build.0 = Release|Any CPU
		{C22B325D-9EBE-4F3E-BBF2-130D243612C8}.Release|x86.ActiveCfg = Release|Any CPU
		{C22B325D-9EBE-4F3E-BBF2-130D243612C8}.Release|x86.Build.0 = Release|Any CPU
		{901803FB-107B-4F4D-AE41-39C102B465D9}.Debug|Any CPU.ActiveCfg = Debug|Any CPU
		{901803FB-107B-4F4D-AE41-39C102B465D9}.Debug|Any CPU.Build.0 = Debug|Any CPU
		{901803FB-107B-4F4D-AE41-39C102B465D9}.Debug|x64.ActiveCfg = Debug|Any CPU
		{901803FB-107B-4F4D-AE41-39C102B465D9}.Debug|x64.Build.0 = Debug|Any CPU
		{901803FB-107B-4F4D-AE41-39C102B465D9}.Debug|x86.ActiveCfg = Debug|Any CPU
		{901803FB-107B-4F4D-AE41-39C102B465D9}.Debug|x86.Build.0 = Debug|Any CPU
		{901803FB-107B-4F4D-AE41-39C102B465D9}.Release|Any CPU.ActiveCfg = Release|Any CPU
		{901803FB-107B-4F4D-AE41-39C102B465D9}.Release|Any CPU.Build.0 = Release|Any CPU
		{901803FB-107B-4F4D-AE41-39C102B465D9}.Release|x64.ActiveCfg = Release|Any CPU
		{901803FB-107B-4F4D-AE41-39C102B465D9}.Release|x64.Build.0 = Release|Any CPU
		{901803FB-107B-4F4D-AE41-39C102B465D9}.Release|x86.ActiveCfg = Release|Any CPU
		{901803FB-107B-4F4D-AE41-39C102B465D9}.Release|x86.Build.0 = Release|Any CPU
	EndGlobalSection
	GlobalSection(SolutionProperties) = preSolution
		HideSolutionNode = FALSE
	EndGlobalSection
	GlobalSection(NestedProjects) = preSolution
		{E5955018-D38E-489A-B55E-10481C2DD225} = {5C1EA119-B808-4629-B14C-91B61C1E6E8B}
		{0AD78F6E-B2D5-40F9-98F8-A8CE84DCC1EA} = {527907CC-A990-422E-A44B-9BFA24321AB8}
		{F4E045D8-1118-4CDC-9870-96A37CB56094} = {527907CC-A990-422E-A44B-9BFA24321AB8}
		{D31B0DB0-3AC1-4731-B450-8ACFA7CDB052} = {527907CC-A990-422E-A44B-9BFA24321AB8}
		{056080BF-2413-3D18-0C75-8729ECEEDA02} = {527907CC-A990-422E-A44B-9BFA24321AB8}
		{9062823D-1F00-3DE7-4B19-FD60A8599462} = {056080BF-2413-3D18-0C75-8729ECEEDA02}
		{22158076-D89C-47C9-BDCC-4303B1E0E947} = {9062823D-1F00-3DE7-4B19-FD60A8599462}
		{68E813E1-744B-9D89-D544-66437A6B0571} = {CE43E98C-F191-467A-B703-B12AEE47E4C8}
		{98FFAFEE-FF0C-46E6-A0C5-09BECD0E10CE} = {68E813E1-744B-9D89-D544-66437A6B0571}
		{85FE718F-3097-C2AC-73A5-AB7996ECC927} = {CE43E98C-F191-467A-B703-B12AEE47E4C8}
		{C22B325D-9EBE-4F3E-BBF2-130D243612C8} = {85FE718F-3097-C2AC-73A5-AB7996ECC927}
		{F9EDAEB3-0960-E28D-8C6F-316A0BA36D4A} = {056080BF-2413-3D18-0C75-8729ECEEDA02}
		{901803FB-107B-4F4D-AE41-39C102B465D9} = {F9EDAEB3-0960-E28D-8C6F-316A0BA36D4A}
	EndGlobalSection
EndGlobal
